
Microsoft Visual Studio Solution File, Format Version 12.00
# Visual Studio 2013
VisualStudioVersion = 12.0.21005.1
MinimumVisualStudioVersion = 10.0.40219.1
Project("{FAE04EC0-301F-11D3-BF4B-00C04F79EFBC}") = "ObservableLinq", "ObservableLinq\ObservableLinq.csproj", "{B4110CA1-6FAA-452C-8DFF-B2C3A99156B7}"
EndProject
Project("{FAE04EC0-301F-11D3-BF4B-00C04F79EFBC}") = "UnitTests", "UnitTests\UnitTests.csproj", "{EDC6FCF0-F588-4DC3-AB78-C6C1D321F5C2}"
EndProject
Project("{FAE04EC0-301F-11D3-BF4B-00C04F79EFBC}") = "ObservableLinq.Demo.Wpf", "ObservableLinq.Demo.Wpf\ObservableLinq.Demo.Wpf.csproj", "{42CC5892-9F0C-4808-8849-53FED585ABB4}"
EndProject
Project("{2150E333-8FDC-42A3-9474-1A3956D46DE8}") = "Solution Items", "Solution Items", "{075F68AA-9BBF-4D5C-B34F-54EB65C2A66D}"
	ProjectSection(SolutionItems) = preProject
		License.txt = License.txt
		README.md = README.md
	EndProjectSection
EndProject
Global
	GlobalSection(SolutionConfigurationPlatforms) = preSolution
		Debug|Any CPU = Debug|Any CPU
		Release|Any CPU = Release|Any CPU
	EndGlobalSection
	GlobalSection(ProjectConfigurationPlatforms) = postSolution
		{B4110CA1-6FAA-452C-8DFF-B2C3A99156B7}.Debug|Any CPU.ActiveCfg = Debug|Any CPU
		{B4110CA1-6FAA-452C-8DFF-B2C3A99156B7}.Debug|Any CPU.Build.0 = Debug|Any CPU
		{B4110CA1-6FAA-452C-8DFF-B2C3A99156B7}.Release|Any CPU.ActiveCfg = Release|Any CPU
		{B4110CA1-6FAA-452C-8DFF-B2C3A99156B7}.Release|Any CPU.Build.0 = Release|Any CPU
		{EDC6FCF0-F588-4DC3-AB78-C6C1D321F5C2}.Debug|Any CPU.ActiveCfg = Debug|Any CPU
		{EDC6FCF0-F588-4DC3-AB78-C6C1D321F5C2}.Debug|Any CPU.Build.0 = Debug|Any CPU
		{EDC6FCF0-F588-4DC3-AB78-C6C1D321F5C2}.Release|Any CPU.ActiveCfg = Release|Any CPU
		{EDC6FCF0-F588-4DC3-AB78-C6C1D321F5C2}.Release|Any CPU.Build.0 = Release|Any CPU
		{42CC5892-9F0C-4808-8849-53FED585ABB4}.Debug|Any CPU.ActiveCfg = Debug|Any CPU
		{42CC5892-9F0C-4808-8849-53FED585ABB4}.Debug|Any CPU.Build.0 = Debug|Any CPU
		{42CC5892-9F0C-4808-8849-53FED585ABB4}.Release|Any CPU.ActiveCfg = Release|Any CPU
		{42CC5892-9F0C-4808-8849-53FED585ABB4}.Release|Any CPU.Build.0 = Release|Any CPU
	EndGlobalSection
	GlobalSection(SolutionProperties) = preSolution
		HideSolutionNode = FALSE
	EndGlobalSection
EndGlobal
